// !$*UTF8*$!
{
	archiveVersion = 1;
	classes = {
	};
	objectVersion = 56;
	objects = {

/* Begin PBXBuildFile section */
		416C1D842998391F00BA7B10 /* OrderPlaced.swift in Sources */ = {isa = PBXBuildFile; fileRef = 416C1D832998391F00BA7B10 /* OrderPlaced.swift */; };
		416C1D862998437600BA7B10 /* RatingFood.swift in Sources */ = {isa = PBXBuildFile; fileRef = 416C1D852998437600BA7B10 /* RatingFood.swift */; };
		5F6FBD5A2992098E00F570B5 /* MooncakeApp.swift in Sources */ = {isa = PBXBuildFile; fileRef = 5F6FBD592992098E00F570B5 /* MooncakeApp.swift */; };
		5F6FBD5E2992098F00F570B5 /* Assets.xcassets in Resources */ = {isa = PBXBuildFile; fileRef = 5F6FBD5D2992098F00F570B5 /* Assets.xcassets */; };
		5F6FBD612992098F00F570B5 /* Preview Assets.xcassets in Resources */ = {isa = PBXBuildFile; fileRef = 5F6FBD602992098F00F570B5 /* Preview Assets.xcassets */; };
		B502A32429A3E24900DCDCD9 /* GoogleService-Info.plist in Resources */ = {isa = PBXBuildFile; fileRef = B502A32329A3E24900DCDCD9 /* GoogleService-Info.plist */; };
		B502A32729A3E2F700DCDCD9 /* FirebaseAnalytics in Frameworks */ = {isa = PBXBuildFile; productRef = B502A32629A3E2F700DCDCD9 /* FirebaseAnalytics */; };
		B502A32929A3E2F700DCDCD9 /* FirebaseAppCheck in Frameworks */ = {isa = PBXBuildFile; productRef = B502A32829A3E2F700DCDCD9 /* FirebaseAppCheck */; };
		B502A32B29A3E2F700DCDCD9 /* FirebaseAppDistribution-Beta in Frameworks */ = {isa = PBXBuildFile; productRef = B502A32A29A3E2F700DCDCD9 /* FirebaseAppDistribution-Beta */; };
		B502A32D29A3E2F700DCDCD9 /* FirebaseAuth in Frameworks */ = {isa = PBXBuildFile; productRef = B502A32C29A3E2F700DCDCD9 /* FirebaseAuth */; };
		B502A32F29A3E2F700DCDCD9 /* FirebaseAuthCombine-Community in Frameworks */ = {isa = PBXBuildFile; productRef = B502A32E29A3E2F700DCDCD9 /* FirebaseAuthCombine-Community */; };
		B502A33129A3E2F700DCDCD9 /* FirebaseDatabase in Frameworks */ = {isa = PBXBuildFile; productRef = B502A33029A3E2F700DCDCD9 /* FirebaseDatabase */; };
		B502A33329A3E2F700DCDCD9 /* FirebaseDatabaseSwift in Frameworks */ = {isa = PBXBuildFile; productRef = B502A33229A3E2F700DCDCD9 /* FirebaseDatabaseSwift */; };
		B502A33529A3E2F700DCDCD9 /* FirebaseFirestore in Frameworks */ = {isa = PBXBuildFile; productRef = B502A33429A3E2F700DCDCD9 /* FirebaseFirestore */; };
		B502A33729A3E2F700DCDCD9 /* FirebaseFirestoreCombine-Community in Frameworks */ = {isa = PBXBuildFile; productRef = B502A33629A3E2F700DCDCD9 /* FirebaseFirestoreCombine-Community */; };
		B502A33929A3E2F700DCDCD9 /* FirebaseFirestoreSwift in Frameworks */ = {isa = PBXBuildFile; productRef = B502A33829A3E2F700DCDCD9 /* FirebaseFirestoreSwift */; };
		B502A33B29A3E2F700DCDCD9 /* FirebaseFunctions in Frameworks */ = {isa = PBXBuildFile; productRef = B502A33A29A3E2F700DCDCD9 /* FirebaseFunctions */; };
		B502A33D29A3E2F700DCDCD9 /* FirebaseFunctionsCombine-Community in Frameworks */ = {isa = PBXBuildFile; productRef = B502A33C29A3E2F700DCDCD9 /* FirebaseFunctionsCombine-Community */; };
		B502A33F29A3E2F700DCDCD9 /* FirebaseInAppMessaging-Beta in Frameworks */ = {isa = PBXBuildFile; productRef = B502A33E29A3E2F700DCDCD9 /* FirebaseInAppMessaging-Beta */; };
		B502A34129A3E2F700DCDCD9 /* FirebasePerformance in Frameworks */ = {isa = PBXBuildFile; productRef = B502A34029A3E2F700DCDCD9 /* FirebasePerformance */; };
		B502A34329A3E2F700DCDCD9 /* FirebaseStorage in Frameworks */ = {isa = PBXBuildFile; productRef = B502A34229A3E2F700DCDCD9 /* FirebaseStorage */; };
		B502A34529A3E2F700DCDCD9 /* FirebaseStorageCombine-Community in Frameworks */ = {isa = PBXBuildFile; productRef = B502A34429A3E2F700DCDCD9 /* FirebaseStorageCombine-Community */; };
		B502A34C29A3E5A800DCDCD9 /* LoginView.swift in Sources */ = {isa = PBXBuildFile; fileRef = B502A34B29A3E5A800DCDCD9 /* LoginView.swift */; };
		B502A35029A3E6B400DCDCD9 /* TextInput.swift in Sources */ = {isa = PBXBuildFile; fileRef = B502A34F29A3E6B400DCDCD9 /* TextInput.swift */; };
		B5A0EC8D29A3EBE700D408A2 /* NavigationCloseViewModifer.swift in Sources */ = {isa = PBXBuildFile; fileRef = B5A0EC8C29A3EBE700D408A2 /* NavigationCloseViewModifer.swift */; };
		B5A0EC9029A3EC8400D408A2 /* LoginViewModel.swift in Sources */ = {isa = PBXBuildFile; fileRef = B5A0EC8F29A3EC8400D408A2 /* LoginViewModel.swift */; };
		B5A0EC9329A3ED3500D408A2 /* LoginService.swift in Sources */ = {isa = PBXBuildFile; fileRef = B5A0EC9229A3ED3500D408A2 /* LoginService.swift */; };
		B5A0EC9929A3EE5200D408A2 /* RegisterView.swift in Sources */ = {isa = PBXBuildFile; fileRef = B5A0EC9829A3EE5200D408A2 /* RegisterView.swift */; };
		B5A0EC9B29A3EE7700D408A2 /* RegistrationViewModel.swift in Sources */ = {isa = PBXBuildFile; fileRef = B5A0EC9A29A3EE7700D408A2 /* RegistrationViewModel.swift */; };
		B5A0EC9D29A3EEB600D408A2 /* RegistrationService.swift in Sources */ = {isa = PBXBuildFile; fileRef = B5A0EC9C29A3EEB600D408A2 /* RegistrationService.swift */; };
		B5A0ECA329A3EF1E00D408A2 /* ForgetPasswordView.swift in Sources */ = {isa = PBXBuildFile; fileRef = B5A0ECA229A3EF1E00D408A2 /* ForgetPasswordView.swift */; };
		B5A0ECA529A3EF5000D408A2 /* ForgetPasswordViewModel.swift in Sources */ = {isa = PBXBuildFile; fileRef = B5A0ECA429A3EF4F00D408A2 /* ForgetPasswordViewModel.swift */; };
		B5A0ECA729A3EF7900D408A2 /* ForgetPasswordService.swift in Sources */ = {isa = PBXBuildFile; fileRef = B5A0ECA629A3EF7900D408A2 /* ForgetPasswordService.swift */; };
		B5A0ECAB29A3EFE700D408A2 /* SessionService.swift in Sources */ = {isa = PBXBuildFile; fileRef = B5A0ECAA29A3EFE700D408A2 /* SessionService.swift */; };
		B5A0ECAF29A3F02900D408A2 /* ProfileView.swift in Sources */ = {isa = PBXBuildFile; fileRef = B5A0ECAE29A3F02900D408A2 /* ProfileView.swift */; };
/* End PBXBuildFile section */

/* Begin PBXFileReference section */
		416C1D832998391F00BA7B10 /* OrderPlaced.swift */ = {isa = PBXFileReference; lastKnownFileType = sourcecode.swift; path = OrderPlaced.swift; sourceTree = "<group>"; };
		416C1D852998437600BA7B10 /* RatingFood.swift */ = {isa = PBXFileReference; lastKnownFileType = sourcecode.swift; path = RatingFood.swift; sourceTree = "<group>"; };
		5F6FBD562992098E00F570B5 /* Mooncake.app */ = {isa = PBXFileReference; explicitFileType = wrapper.application; includeInIndex = 0; path = Mooncake.app; sourceTree = BUILT_PRODUCTS_DIR; };
		5F6FBD592992098E00F570B5 /* MooncakeApp.swift */ = {isa = PBXFileReference; lastKnownFileType = sourcecode.swift; path = MooncakeApp.swift; sourceTree = "<group>"; };
		5F6FBD5D2992098F00F570B5 /* Assets.xcassets */ = {isa = PBXFileReference; lastKnownFileType = folder.assetcatalog; path = Assets.xcassets; sourceTree = "<group>"; };
		5F6FBD602992098F00F570B5 /* Preview Assets.xcassets */ = {isa = PBXFileReference; lastKnownFileType = folder.assetcatalog; path = "Preview Assets.xcassets"; sourceTree = "<group>"; };
		B502A32329A3E24900DCDCD9 /* GoogleService-Info.plist */ = {isa = PBXFileReference; fileEncoding = 4; lastKnownFileType = text.plist.xml; path = "GoogleService-Info.plist"; sourceTree = "<group>"; };
		B502A34B29A3E5A800DCDCD9 /* LoginView.swift */ = {isa = PBXFileReference; lastKnownFileType = sourcecode.swift; path = LoginView.swift; sourceTree = "<group>"; };
		B502A34F29A3E6B400DCDCD9 /* TextInput.swift */ = {isa = PBXFileReference; lastKnownFileType = sourcecode.swift; path = TextInput.swift; sourceTree = "<group>"; };
		B5A0EC8C29A3EBE700D408A2 /* NavigationCloseViewModifer.swift */ = {isa = PBXFileReference; lastKnownFileType = sourcecode.swift; path = NavigationCloseViewModifer.swift; sourceTree = "<group>"; };
		B5A0EC8F29A3EC8400D408A2 /* LoginViewModel.swift */ = {isa = PBXFileReference; lastKnownFileType = sourcecode.swift; path = LoginViewModel.swift; sourceTree = "<group>"; };
		B5A0EC9229A3ED3500D408A2 /* LoginService.swift */ = {isa = PBXFileReference; lastKnownFileType = sourcecode.swift; path = LoginService.swift; sourceTree = "<group>"; };
		B5A0EC9829A3EE5200D408A2 /* RegisterView.swift */ = {isa = PBXFileReference; lastKnownFileType = sourcecode.swift; path = RegisterView.swift; sourceTree = "<group>"; };
		B5A0EC9A29A3EE7700D408A2 /* RegistrationViewModel.swift */ = {isa = PBXFileReference; lastKnownFileType = sourcecode.swift; path = RegistrationViewModel.swift; sourceTree = "<group>"; };
		B5A0EC9C29A3EEB600D408A2 /* RegistrationService.swift */ = {isa = PBXFileReference; lastKnownFileType = sourcecode.swift; path = RegistrationService.swift; sourceTree = "<group>"; };
		B5A0ECA229A3EF1E00D408A2 /* ForgetPasswordView.swift */ = {isa = PBXFileReference; lastKnownFileType = sourcecode.swift; path = ForgetPasswordView.swift; sourceTree = "<group>"; };
		B5A0ECA429A3EF4F00D408A2 /* ForgetPasswordViewModel.swift */ = {isa = PBXFileReference; lastKnownFileType = sourcecode.swift; path = ForgetPasswordViewModel.swift; sourceTree = "<group>"; };
		B5A0ECA629A3EF7900D408A2 /* ForgetPasswordService.swift */ = {isa = PBXFileReference; lastKnownFileType = sourcecode.swift; path = ForgetPasswordService.swift; sourceTree = "<group>"; };
		B5A0ECAA29A3EFE700D408A2 /* SessionService.swift */ = {isa = PBXFileReference; lastKnownFileType = sourcecode.swift; path = SessionService.swift; sourceTree = "<group>"; };
		B5A0ECAE29A3F02900D408A2 /* ProfileView.swift */ = {isa = PBXFileReference; lastKnownFileType = sourcecode.swift; path = ProfileView.swift; sourceTree = "<group>"; };
/* End PBXFileReference section */

/* Begin PBXFrameworksBuildPhase section */
		5F6FBD532992098E00F570B5 /* Frameworks */ = {
			isa = PBXFrameworksBuildPhase;
			buildActionMask = 2147483647;
			files = (
				B502A34129A3E2F700DCDCD9 /* FirebasePerformance in Frameworks */,
				B502A33F29A3E2F700DCDCD9 /* FirebaseInAppMessaging-Beta in Frameworks */,
				B502A33329A3E2F700DCDCD9 /* FirebaseDatabaseSwift in Frameworks */,
				B502A33129A3E2F700DCDCD9 /* FirebaseDatabase in Frameworks */,
				B502A32929A3E2F700DCDCD9 /* FirebaseAppCheck in Frameworks */,
				B502A33729A3E2F700DCDCD9 /* FirebaseFirestoreCombine-Community in Frameworks */,
				B502A32729A3E2F700DCDCD9 /* FirebaseAnalytics in Frameworks */,
				B502A33929A3E2F700DCDCD9 /* FirebaseFirestoreSwift in Frameworks */,
				B502A34329A3E2F700DCDCD9 /* FirebaseStorage in Frameworks */,
				B502A32B29A3E2F700DCDCD9 /* FirebaseAppDistribution-Beta in Frameworks */,
				B502A34529A3E2F700DCDCD9 /* FirebaseStorageCombine-Community in Frameworks */,
				B502A33529A3E2F700DCDCD9 /* FirebaseFirestore in Frameworks */,
				B502A32D29A3E2F700DCDCD9 /* FirebaseAuth in Frameworks */,
				B502A33B29A3E2F700DCDCD9 /* FirebaseFunctions in Frameworks */,
				B502A32F29A3E2F700DCDCD9 /* FirebaseAuthCombine-Community in Frameworks */,
				B502A33D29A3E2F700DCDCD9 /* FirebaseFunctionsCombine-Community in Frameworks */,
			);
			runOnlyForDeploymentPostprocessing = 0;
		};
/* End PBXFrameworksBuildPhase section */

/* Begin PBXGroup section */
		5F6FBD4D2992098E00F570B5 = {
			isa = PBXGroup;
			children = (
				5F6FBD582992098E00F570B5 /* Mooncake */,
				5F6FBD572992098E00F570B5 /* Products */,
			);
			sourceTree = "<group>";
		};
		5F6FBD572992098E00F570B5 /* Products */ = {
			isa = PBXGroup;
			children = (
				5F6FBD562992098E00F570B5 /* Mooncake.app */,
			);
			name = Products;
			sourceTree = "<group>";
		};
		5F6FBD582992098E00F570B5 /* Mooncake */ = {
			isa = PBXGroup;
			children = (
				B502A34D29A3E68200DCDCD9 /* Base */,
				B502A34629A3E54400DCDCD9 /* Feature */,
				5F6FBD592992098E00F570B5 /* MooncakeApp.swift */,
				416C1D832998391F00BA7B10 /* OrderPlaced.swift */,
				416C1D852998437600BA7B10 /* RatingFood.swift */,
				5F6FBD5D2992098F00F570B5 /* Assets.xcassets */,
				B502A32329A3E24900DCDCD9 /* GoogleService-Info.plist */,
				5F6FBD5F2992098F00F570B5 /* Preview Content */,
			);
			path = Mooncake;
			sourceTree = "<group>";
		};
		5F6FBD5F2992098F00F570B5 /* Preview Content */ = {
			isa = PBXGroup;
			children = (
				5F6FBD602992098F00F570B5 /* Preview Assets.xcassets */,
			);
			path = "Preview Content";
			sourceTree = "<group>";
		};
		5F8D34E129BE6CB100A5644C /* Home */ = {
			isa = PBXGroup;
			children = (
				5F8D34E629BE6E7600A5644C /* Service */,
				5F8D34E429BE6E6300A5644C /* ViewModel */,
				5F8D34E229BE6E5500A5644C /* Views */,
			);
			path = Home;
			sourceTree = "<group>";
		};
		5F8D34E229BE6E5500A5644C /* Views */ = {
			isa = PBXGroup;
			children = (
			);
			path = Views;
			sourceTree = "<group>";
		};
		5F8D34E429BE6E6300A5644C /* ViewModel */ = {
			isa = PBXGroup;
			children = (
			);
			path = ViewModel;
			sourceTree = "<group>";
		};
		5F8D34E629BE6E7600A5644C /* Service */ = {
			isa = PBXGroup;
			children = (
			);
			path = Service;
			sourceTree = "<group>";
		};
		5F8D34E729BE6E8A00A5644C /* Preferences */ = {
			isa = PBXGroup;
			children = (
				5F8D34EA29BE6EBF00A5644C /* Service */,
				5F8D34E929BE6EB800A5644C /* ViewModel */,
				5F8D34E829BE6EAF00A5644C /* Views */,
			);
			path = Preferences;
			sourceTree = "<group>";
		};
		5F8D34E829BE6EAF00A5644C /* Views */ = {
			isa = PBXGroup;
			children = (
			);
			path = Views;
			sourceTree = "<group>";
		};
		5F8D34E929BE6EB800A5644C /* ViewModel */ = {
			isa = PBXGroup;
			children = (
			);
			path = ViewModel;
			sourceTree = "<group>";
		};
		5F8D34EA29BE6EBF00A5644C /* Service */ = {
			isa = PBXGroup;
			children = (
			);
			path = Service;
			sourceTree = "<group>";
		};
		5F8D34EB29BE6F0900A5644C /* Recommendation */ = {
			isa = PBXGroup;
			children = (
				5F8D34EE29BE6F4900A5644C /* Service */,
				5F8D34ED29BE6F4400A5644C /* ViewModel */,
				5F8D34EC29BE6F3400A5644C /* Views */,
			);
			path = Recommendation;
			sourceTree = "<group>";
		};
		5F8D34EC29BE6F3400A5644C /* Views */ = {
			isa = PBXGroup;
			children = (
			);
			path = Views;
			sourceTree = "<group>";
		};
		5F8D34ED29BE6F4400A5644C /* ViewModel */ = {
			isa = PBXGroup;
			children = (
			);
			path = ViewModel;
			sourceTree = "<group>";
		};
		5F8D34EE29BE6F4900A5644C /* Service */ = {
			isa = PBXGroup;
			children = (
			);
			path = Service;
			sourceTree = "<group>";
		};
		5F8D34EF29BE6F5F00A5644C /* Feedback */ = {
			isa = PBXGroup;
			children = (
				5F8D34F229BE6F7700A5644C /* Service */,
				5F8D34F129BE6F7200A5644C /* ViewModel */,
				5F8D34F029BE6F6700A5644C /* Views */,
			);
			path = Feedback;
			sourceTree = "<group>";
		};
		5F8D34F029BE6F6700A5644C /* Views */ = {
			isa = PBXGroup;
			children = (
			);
			path = Views;
			sourceTree = "<group>";
		};
		5F8D34F129BE6F7200A5644C /* ViewModel */ = {
			isa = PBXGroup;
			children = (
			);
			path = ViewModel;
			sourceTree = "<group>";
		};
		5F8D34F229BE6F7700A5644C /* Service */ = {
			isa = PBXGroup;
			children = (
			);
			path = Service;
			sourceTree = "<group>";
		};
		B502A34629A3E54400DCDCD9 /* Feature */ = {
			isa = PBXGroup;
			children = (
				5F8D34EF29BE6F5F00A5644C /* Feedback */,
				5F8D34EB29BE6F0900A5644C /* Recommendation */,
				5F8D34E729BE6E8A00A5644C /* Preferences */,
				5F8D34E129BE6CB100A5644C /* Home */,
				B5A0ECAC29A3F00700D408A2 /* Profile */,
				B5A0ECA829A3EFD100D408A2 /* Session */,
				B5A0EC9E29A3EED700D408A2 /* ForgetPassword */,
				B5A0EC9429A3EE0B00D408A2 /* Registration */,
				B502A34829A3E55C00DCDCD9 /* Login */,
			);
			path = Feature;
			sourceTree = "<group>";
		};
		B502A34829A3E55C00DCDCD9 /* Login */ = {
			isa = PBXGroup;
			children = (
				B5A0EC9129A3ED2600D408A2 /* Service */,
				B5A0EC8E29A3EC7300D408A2 /* ViewModel */,
				B502A34A29A3E57600DCDCD9 /* Views */,
			);
			path = Login;
			sourceTree = "<group>";
		};
		B502A34A29A3E57600DCDCD9 /* Views */ = {
			isa = PBXGroup;
			children = (
				B502A34B29A3E5A800DCDCD9 /* LoginView.swift */,
			);
			path = Views;
			sourceTree = "<group>";
		};
		B502A34D29A3E68200DCDCD9 /* Base */ = {
			isa = PBXGroup;
			children = (
				B5A0EC8B29A3EBCD00D408A2 /* Modifiers */,
				B502A34E29A3E69000DCDCD9 /* Views */,
			);
			path = Base;
			sourceTree = "<group>";
		};
		B502A34E29A3E69000DCDCD9 /* Views */ = {
			isa = PBXGroup;
			children = (
				B502A34F29A3E6B400DCDCD9 /* TextInput.swift */,
			);
			path = Views;
			sourceTree = "<group>";
		};
		B5A0EC8B29A3EBCD00D408A2 /* Modifiers */ = {
			isa = PBXGroup;
			children = (
				B5A0EC8C29A3EBE700D408A2 /* NavigationCloseViewModifer.swift */,
			);
			path = Modifiers;
			sourceTree = "<group>";
		};
		B5A0EC8E29A3EC7300D408A2 /* ViewModel */ = {
			isa = PBXGroup;
			children = (
				B5A0EC8F29A3EC8400D408A2 /* LoginViewModel.swift */,
			);
			path = ViewModel;
			sourceTree = "<group>";
		};
		B5A0EC9129A3ED2600D408A2 /* Service */ = {
			isa = PBXGroup;
			children = (
				B5A0EC9229A3ED3500D408A2 /* LoginService.swift */,
			);
			path = Service;
			sourceTree = "<group>";
		};
		B5A0EC9429A3EE0B00D408A2 /* Registration */ = {
			isa = PBXGroup;
			children = (
				B5A0EC9729A3EE3600D408A2 /* Views */,
				B5A0EC9629A3EE2E00D408A2 /* ViewModel */,
				B5A0EC9529A3EE1C00D408A2 /* Service */,
			);
			path = Registration;
			sourceTree = "<group>";
		};
		B5A0EC9529A3EE1C00D408A2 /* Service */ = {
			isa = PBXGroup;
			children = (
				B5A0EC9C29A3EEB600D408A2 /* RegistrationService.swift */,
			);
			path = Service;
			sourceTree = "<group>";
		};
		B5A0EC9629A3EE2E00D408A2 /* ViewModel */ = {
			isa = PBXGroup;
			children = (
				B5A0EC9A29A3EE7700D408A2 /* RegistrationViewModel.swift */,
			);
			path = ViewModel;
			sourceTree = "<group>";
		};
		B5A0EC9729A3EE3600D408A2 /* Views */ = {
			isa = PBXGroup;
			children = (
				B5A0EC9829A3EE5200D408A2 /* RegisterView.swift */,
			);
			path = Views;
			sourceTree = "<group>";
		};
		B5A0EC9E29A3EED700D408A2 /* ForgetPassword */ = {
			isa = PBXGroup;
			children = (
				B5A0ECA129A3EEF600D408A2 /* Views */,
				B5A0ECA029A3EEF100D408A2 /* ViewModel */,
				B5A0EC9F29A3EEEC00D408A2 /* Service */,
			);
			path = ForgetPassword;
			sourceTree = "<group>";
		};
		B5A0EC9F29A3EEEC00D408A2 /* Service */ = {
			isa = PBXGroup;
			children = (
				B5A0ECA629A3EF7900D408A2 /* ForgetPasswordService.swift */,
			);
			path = Service;
			sourceTree = "<group>";
		};
		B5A0ECA029A3EEF100D408A2 /* ViewModel */ = {
			isa = PBXGroup;
			children = (
				B5A0ECA429A3EF4F00D408A2 /* ForgetPasswordViewModel.swift */,
			);
			path = ViewModel;
			sourceTree = "<group>";
		};
		B5A0ECA129A3EEF600D408A2 /* Views */ = {
			isa = PBXGroup;
			children = (
				B5A0ECA229A3EF1E00D408A2 /* ForgetPasswordView.swift */,
			);
			path = Views;
			sourceTree = "<group>";
		};
		B5A0ECA829A3EFD100D408A2 /* Session */ = {
			isa = PBXGroup;
			children = (
				B5A0ECA929A3EFD600D408A2 /* Service */,
			);
			path = Session;
			sourceTree = "<group>";
		};
		B5A0ECA929A3EFD600D408A2 /* Service */ = {
			isa = PBXGroup;
			children = (
				B5A0ECAA29A3EFE700D408A2 /* SessionService.swift */,
			);
			path = Service;
			sourceTree = "<group>";
		};
		B5A0ECAC29A3F00700D408A2 /* Profile */ = {
			isa = PBXGroup;
			children = (
				B5A0ECAD29A3F01400D408A2 /* Views */,
			);
			path = Profile;
			sourceTree = "<group>";
		};
		B5A0ECAD29A3F01400D408A2 /* Views */ = {
			isa = PBXGroup;
			children = (
				B5A0ECAE29A3F02900D408A2 /* ProfileView.swift */,
			);
			path = Views;
			sourceTree = "<group>";
		};
/* End PBXGroup section */

/* Begin PBXNativeTarget section */
		5F6FBD552992098E00F570B5 /* Mooncake */ = {
			isa = PBXNativeTarget;
			buildConfigurationList = 5F6FBD642992098F00F570B5 /* Build configuration list for PBXNativeTarget "Mooncake" */;
			buildPhases = (
				5F6FBD522992098E00F570B5 /* Sources */,
				5F6FBD532992098E00F570B5 /* Frameworks */,
				5F6FBD542992098E00F570B5 /* Resources */,
			);
			buildRules = (
			);
			dependencies = (
			);
			name = Mooncake;
			packageProductDependencies = (
				B502A32629A3E2F700DCDCD9 /* FirebaseAnalytics */,
				B502A32829A3E2F700DCDCD9 /* FirebaseAppCheck */,
				B502A32A29A3E2F700DCDCD9 /* FirebaseAppDistribution-Beta */,
				B502A32C29A3E2F700DCDCD9 /* FirebaseAuth */,
				B502A32E29A3E2F700DCDCD9 /* FirebaseAuthCombine-Community */,
				B502A33029A3E2F700DCDCD9 /* FirebaseDatabase */,
				B502A33229A3E2F700DCDCD9 /* FirebaseDatabaseSwift */,
				B502A33429A3E2F700DCDCD9 /* FirebaseFirestore */,
				B502A33629A3E2F700DCDCD9 /* FirebaseFirestoreCombine-Community */,
				B502A33829A3E2F700DCDCD9 /* FirebaseFirestoreSwift */,
				B502A33A29A3E2F700DCDCD9 /* FirebaseFunctions */,
				B502A33C29A3E2F700DCDCD9 /* FirebaseFunctionsCombine-Community */,
				B502A33E29A3E2F700DCDCD9 /* FirebaseInAppMessaging-Beta */,
				B502A34029A3E2F700DCDCD9 /* FirebasePerformance */,
				B502A34229A3E2F700DCDCD9 /* FirebaseStorage */,
				B502A34429A3E2F700DCDCD9 /* FirebaseStorageCombine-Community */,
			);
			productName = Mooncake;
			productReference = 5F6FBD562992098E00F570B5 /* Mooncake.app */;
			productType = "com.apple.product-type.application";
		};
/* End PBXNativeTarget section */

/* Begin PBXProject section */
		5F6FBD4E2992098E00F570B5 /* Project object */ = {
			isa = PBXProject;
			attributes = {
				BuildIndependentTargetsInParallel = 1;
				LastSwiftUpdateCheck = 1420;
				LastUpgradeCheck = 1420;
				TargetAttributes = {
					5F6FBD552992098E00F570B5 = {
						CreatedOnToolsVersion = 14.2;
					};
				};
			};
			buildConfigurationList = 5F6FBD512992098E00F570B5 /* Build configuration list for PBXProject "Mooncake" */;
			compatibilityVersion = "Xcode 14.0";
			developmentRegion = en;
			hasScannedForEncodings = 0;
			knownRegions = (
				en,
				Base,
			);
			mainGroup = 5F6FBD4D2992098E00F570B5;
			packageReferences = (
				B502A32529A3E2F700DCDCD9 /* XCRemoteSwiftPackageReference "firebase-ios-sdk" */,
			);
			productRefGroup = 5F6FBD572992098E00F570B5 /* Products */;
			projectDirPath = "";
			projectRoot = "";
			targets = (
				5F6FBD552992098E00F570B5 /* Mooncake */,
			);
		};
/* End PBXProject section */

/* Begin PBXResourcesBuildPhase section */
		5F6FBD542992098E00F570B5 /* Resources */ = {
			isa = PBXResourcesBuildPhase;
			buildActionMask = 2147483647;
			files = (
				5F6FBD612992098F00F570B5 /* Preview Assets.xcassets in Resources */,
				5F6FBD5E2992098F00F570B5 /* Assets.xcassets in Resources */,
				B502A32429A3E24900DCDCD9 /* GoogleService-Info.plist in Resources */,
			);
			runOnlyForDeploymentPostprocessing = 0;
		};
/* End PBXResourcesBuildPhase section */

/* Begin PBXSourcesBuildPhase section */
		5F6FBD522992098E00F570B5 /* Sources */ = {
			isa = PBXSourcesBuildPhase;
			buildActionMask = 2147483647;
			files = (
				416C1D862998437600BA7B10 /* RatingFood.swift in Sources */,
				B5A0EC9B29A3EE7700D408A2 /* RegistrationViewModel.swift in Sources */,
				B5A0ECA329A3EF1E00D408A2 /* ForgetPasswordView.swift in Sources */,
				B5A0EC9929A3EE5200D408A2 /* RegisterView.swift in Sources */,
				B5A0ECAB29A3EFE700D408A2 /* SessionService.swift in Sources */,
				B5A0ECAF29A3F02900D408A2 /* ProfileView.swift in Sources */,
				416C1D842998391F00BA7B10 /* OrderPlaced.swift in Sources */,
				B5A0EC9D29A3EEB600D408A2 /* RegistrationService.swift in Sources */,
				B5A0EC9329A3ED3500D408A2 /* LoginService.swift in Sources */,
				B5A0EC9029A3EC8400D408A2 /* LoginViewModel.swift in Sources */,
				B502A34C29A3E5A800DCDCD9 /* LoginView.swift in Sources */,
				B5A0ECA529A3EF5000D408A2 /* ForgetPasswordViewModel.swift in Sources */,
				5F6FBD5A2992098E00F570B5 /* MooncakeApp.swift in Sources */,
				B5A0EC8D29A3EBE700D408A2 /* NavigationCloseViewModifer.swift in Sources */,
				B5A0ECA729A3EF7900D408A2 /* ForgetPasswordService.swift in Sources */,
				B502A35029A3E6B400DCDCD9 /* TextInput.swift in Sources */,
			);
			runOnlyForDeploymentPostprocessing = 0;
		};
/* End PBXSourcesBuildPhase section */

/* Begin XCBuildConfiguration section */
		5F6FBD622992098F00F570B5 /* Debug */ = {
			isa = XCBuildConfiguration;
			buildSettings = {
				ALWAYS_SEARCH_USER_PATHS = NO;
				CLANG_ANALYZER_NONNULL = YES;
				CLANG_ANALYZER_NUMBER_OBJECT_CONVERSION = YES_AGGRESSIVE;
				CLANG_CXX_LANGUAGE_STANDARD = "gnu++20";
				CLANG_ENABLE_MODULES = YES;
				CLANG_ENABLE_OBJC_ARC = YES;
				CLANG_ENABLE_OBJC_WEAK = YES;
				CLANG_WARN_BLOCK_CAPTURE_AUTORELEASING = YES;
				CLANG_WARN_BOOL_CONVERSION = YES;
				CLANG_WARN_COMMA = YES;
				CLANG_WARN_CONSTANT_CONVERSION = YES;
				CLANG_WARN_DEPRECATED_OBJC_IMPLEMENTATIONS = YES;
				CLANG_WARN_DIRECT_OBJC_ISA_USAGE = YES_ERROR;
				CLANG_WARN_DOCUMENTATION_COMMENTS = YES;
				CLANG_WARN_EMPTY_BODY = YES;
				CLANG_WARN_ENUM_CONVERSION = YES;
				CLANG_WARN_INFINITE_RECURSION = YES;
				CLANG_WARN_INT_CONVERSION = YES;
				CLANG_WARN_NON_LITERAL_NULL_CONVERSION = YES;
				CLANG_WARN_OBJC_IMPLICIT_RETAIN_SELF = YES;
				CLANG_WARN_OBJC_LITERAL_CONVERSION = YES;
				CLANG_WARN_OBJC_ROOT_CLASS = YES_ERROR;
				CLANG_WARN_QUOTED_INCLUDE_IN_FRAMEWORK_HEADER = YES;
				CLANG_WARN_RANGE_LOOP_ANALYSIS = YES;
				CLANG_WARN_STRICT_PROTOTYPES = YES;
				CLANG_WARN_SUSPICIOUS_MOVE = YES;
				CLANG_WARN_UNGUARDED_AVAILABILITY = YES_AGGRESSIVE;
				CLANG_WARN_UNREACHABLE_CODE = YES;
				CLANG_WARN__DUPLICATE_METHOD_MATCH = YES;
				COPY_PHASE_STRIP = NO;
				DEBUG_INFORMATION_FORMAT = dwarf;
				ENABLE_STRICT_OBJC_MSGSEND = YES;
				ENABLE_TESTABILITY = YES;
				GCC_C_LANGUAGE_STANDARD = gnu11;
				GCC_DYNAMIC_NO_PIC = NO;
				GCC_NO_COMMON_BLOCKS = YES;
				GCC_OPTIMIZATION_LEVEL = 0;
				GCC_PREPROCESSOR_DEFINITIONS = (
					"DEBUG=1",
					"$(inherited)",
				);
				GCC_WARN_64_TO_32_BIT_CONVERSION = YES;
				GCC_WARN_ABOUT_RETURN_TYPE = YES_ERROR;
				GCC_WARN_UNDECLARED_SELECTOR = YES;
				GCC_WARN_UNINITIALIZED_AUTOS = YES_AGGRESSIVE;
				GCC_WARN_UNUSED_FUNCTION = YES;
				GCC_WARN_UNUSED_VARIABLE = YES;
				IPHONEOS_DEPLOYMENT_TARGET = 16.2;
				MTL_ENABLE_DEBUG_INFO = INCLUDE_SOURCE;
				MTL_FAST_MATH = YES;
				ONLY_ACTIVE_ARCH = YES;
				SDKROOT = iphoneos;
				SWIFT_ACTIVE_COMPILATION_CONDITIONS = DEBUG;
				SWIFT_OPTIMIZATION_LEVEL = "-Onone";
			};
			name = Debug;
		};
		5F6FBD632992098F00F570B5 /* Release */ = {
			isa = XCBuildConfiguration;
			buildSettings = {
				ALWAYS_SEARCH_USER_PATHS = NO;
				CLANG_ANALYZER_NONNULL = YES;
				CLANG_ANALYZER_NUMBER_OBJECT_CONVERSION = YES_AGGRESSIVE;
				CLANG_CXX_LANGUAGE_STANDARD = "gnu++20";
				CLANG_ENABLE_MODULES = YES;
				CLANG_ENABLE_OBJC_ARC = YES;
				CLANG_ENABLE_OBJC_WEAK = YES;
				CLANG_WARN_BLOCK_CAPTURE_AUTORELEASING = YES;
				CLANG_WARN_BOOL_CONVERSION = YES;
				CLANG_WARN_COMMA = YES;
				CLANG_WARN_CONSTANT_CONVERSION = YES;
				CLANG_WARN_DEPRECATED_OBJC_IMPLEMENTATIONS = YES;
				CLANG_WARN_DIRECT_OBJC_ISA_USAGE = YES_ERROR;
				CLANG_WARN_DOCUMENTATION_COMMENTS = YES;
				CLANG_WARN_EMPTY_BODY = YES;
				CLANG_WARN_ENUM_CONVERSION = YES;
				CLANG_WARN_INFINITE_RECURSION = YES;
				CLANG_WARN_INT_CONVERSION = YES;
				CLANG_WARN_NON_LITERAL_NULL_CONVERSION = YES;
				CLANG_WARN_OBJC_IMPLICIT_RETAIN_SELF = YES;
				CLANG_WARN_OBJC_LITERAL_CONVERSION = YES;
				CLANG_WARN_OBJC_ROOT_CLASS = YES_ERROR;
				CLANG_WARN_QUOTED_INCLUDE_IN_FRAMEWORK_HEADER = YES;
				CLANG_WARN_RANGE_LOOP_ANALYSIS = YES;
				CLANG_WARN_STRICT_PROTOTYPES = YES;
				CLANG_WARN_SUSPICIOUS_MOVE = YES;
				CLANG_WARN_UNGUARDED_AVAILABILITY = YES_AGGRESSIVE;
				CLANG_WARN_UNREACHABLE_CODE = YES;
				CLANG_WARN__DUPLICATE_METHOD_MATCH = YES;
				COPY_PHASE_STRIP = NO;
				DEBUG_INFORMATION_FORMAT = "dwarf-with-dsym";
				ENABLE_NS_ASSERTIONS = NO;
				ENABLE_STRICT_OBJC_MSGSEND = YES;
				GCC_C_LANGUAGE_STANDARD = gnu11;
				GCC_NO_COMMON_BLOCKS = YES;
				GCC_WARN_64_TO_32_BIT_CONVERSION = YES;
				GCC_WARN_ABOUT_RETURN_TYPE = YES_ERROR;
				GCC_WARN_UNDECLARED_SELECTOR = YES;
				GCC_WARN_UNINITIALIZED_AUTOS = YES_AGGRESSIVE;
				GCC_WARN_UNUSED_FUNCTION = YES;
				GCC_WARN_UNUSED_VARIABLE = YES;
				IPHONEOS_DEPLOYMENT_TARGET = 16.2;
				MTL_ENABLE_DEBUG_INFO = NO;
				MTL_FAST_MATH = YES;
				SDKROOT = iphoneos;
				SWIFT_COMPILATION_MODE = wholemodule;
				SWIFT_OPTIMIZATION_LEVEL = "-O";
				VALIDATE_PRODUCT = YES;
			};
			name = Release;
		};
		5F6FBD652992098F00F570B5 /* Debug */ = {
			isa = XCBuildConfiguration;
			buildSettings = {
				ASSETCATALOG_COMPILER_APPICON_NAME = AppIcon;
				ASSETCATALOG_COMPILER_GLOBAL_ACCENT_COLOR_NAME = AccentColor;
				CODE_SIGN_STYLE = Automatic;
				CURRENT_PROJECT_VERSION = 1;
				DEVELOPMENT_ASSET_PATHS = "\"Mooncake/Preview Content\"";
				ENABLE_PREVIEWS = YES;
				GENERATE_INFOPLIST_FILE = YES;
				INFOPLIST_KEY_UIApplicationSceneManifest_Generation = YES;
				INFOPLIST_KEY_UIApplicationSupportsIndirectInputEvents = YES;
				INFOPLIST_KEY_UILaunchScreen_Generation = YES;
				INFOPLIST_KEY_UISupportedInterfaceOrientations_iPad = "UIInterfaceOrientationPortrait UIInterfaceOrientationPortraitUpsideDown UIInterfaceOrientationLandscapeLeft UIInterfaceOrientationLandscapeRight";
				INFOPLIST_KEY_UISupportedInterfaceOrientations_iPhone = "UIInterfaceOrientationPortrait UIInterfaceOrientationLandscapeLeft UIInterfaceOrientationLandscapeRight";
				LD_RUNPATH_SEARCH_PATHS = (
					"$(inherited)",
					"@executable_path/Frameworks",
				);
				MARKETING_VERSION = 1.0;
				PRODUCT_BUNDLE_IDENTIFIER = com.Mooncake.Mooncake;
				PRODUCT_NAME = "$(TARGET_NAME)";
				SWIFT_EMIT_LOC_STRINGS = YES;
				SWIFT_VERSION = 5.0;
				TARGETED_DEVICE_FAMILY = "1,2";
			};
			name = Debug;
		};
		5F6FBD662992098F00F570B5 /* Release */ = {
			isa = XCBuildConfiguration;
			buildSettings = {
				ASSETCATALOG_COMPILER_APPICON_NAME = AppIcon;
				ASSETCATALOG_COMPILER_GLOBAL_ACCENT_COLOR_NAME = AccentColor;
				CODE_SIGN_STYLE = Automatic;
				CURRENT_PROJECT_VERSION = 1;
				DEVELOPMENT_ASSET_PATHS = "\"Mooncake/Preview Content\"";
				ENABLE_PREVIEWS = YES;
				GENERATE_INFOPLIST_FILE = YES;
				INFOPLIST_KEY_UIApplicationSceneManifest_Generation = YES;
				INFOPLIST_KEY_UIApplicationSupportsIndirectInputEvents = YES;
				INFOPLIST_KEY_UILaunchScreen_Generation = YES;
				INFOPLIST_KEY_UISupportedInterfaceOrientations_iPad = "UIInterfaceOrientationPortrait UIInterfaceOrientationPortraitUpsideDown UIInterfaceOrientationLandscapeLeft UIInterfaceOrientationLandscapeRight";
				INFOPLIST_KEY_UISupportedInterfaceOrientations_iPhone = "UIInterfaceOrientationPortrait UIInterfaceOrientationLandscapeLeft UIInterfaceOrientationLandscapeRight";
				LD_RUNPATH_SEARCH_PATHS = (
					"$(inherited)",
					"@executable_path/Frameworks",
				);
				MARKETING_VERSION = 1.0;
				PRODUCT_BUNDLE_IDENTIFIER = com.Mooncake.Mooncake;
				PRODUCT_NAME = "$(TARGET_NAME)";
				SWIFT_EMIT_LOC_STRINGS = YES;
				SWIFT_VERSION = 5.0;
				TARGETED_DEVICE_FAMILY = "1,2";
			};
			name = Release;
		};
/* End XCBuildConfiguration section */

/* Begin XCConfigurationList section */
		5F6FBD512992098E00F570B5 /* Build configuration list for PBXProject "Mooncake" */ = {
			isa = XCConfigurationList;
			buildConfigurations = (
				5F6FBD622992098F00F570B5 /* Debug */,
				5F6FBD632992098F00F570B5 /* Release */,
			);
			defaultConfigurationIsVisible = 0;
			defaultConfigurationName = Release;
		};
		5F6FBD642992098F00F570B5 /* Build configuration list for PBXNativeTarget "Mooncake" */ = {
			isa = XCConfigurationList;
			buildConfigurations = (
				5F6FBD652992098F00F570B5 /* Debug */,
				5F6FBD662992098F00F570B5 /* Release */,
			);
			defaultConfigurationIsVisible = 0;
			defaultConfigurationName = Release;
		};
/* End XCConfigurationList section */

/* Begin XCRemoteSwiftPackageReference section */
		B502A32529A3E2F700DCDCD9 /* XCRemoteSwiftPackageReference "firebase-ios-sdk" */ = {
			isa = XCRemoteSwiftPackageReference;
			repositoryURL = "https://github.com/firebase/firebase-ios-sdk";
			requirement = {
				kind = upToNextMajorVersion;
				minimumVersion = 9.0.0;
			};
		};
/* End XCRemoteSwiftPackageReference section */

/* Begin XCSwiftPackageProductDependency section */
		B502A32629A3E2F700DCDCD9 /* FirebaseAnalytics */ = {
			isa = XCSwiftPackageProductDependency;
			package = B502A32529A3E2F700DCDCD9 /* XCRemoteSwiftPackageReference "firebase-ios-sdk" */;
			productName = FirebaseAnalytics;
		};
		B502A32829A3E2F700DCDCD9 /* FirebaseAppCheck */ = {
			isa = XCSwiftPackageProductDependency;
			package = B502A32529A3E2F700DCDCD9 /* XCRemoteSwiftPackageReference "firebase-ios-sdk" */;
			productName = FirebaseAppCheck;
		};
		B502A32A29A3E2F700DCDCD9 /* FirebaseAppDistribution-Beta */ = {
			isa = XCSwiftPackageProductDependency;
			package = B502A32529A3E2F700DCDCD9 /* XCRemoteSwiftPackageReference "firebase-ios-sdk" */;
			productName = "FirebaseAppDistribution-Beta";
		};
		B502A32C29A3E2F700DCDCD9 /* FirebaseAuth */ = {
			isa = XCSwiftPackageProductDependency;
			package = B502A32529A3E2F700DCDCD9 /* XCRemoteSwiftPackageReference "firebase-ios-sdk" */;
			productName = FirebaseAuth;
		};
		B502A32E29A3E2F700DCDCD9 /* FirebaseAuthCombine-Community */ = {
			isa = XCSwiftPackageProductDependency;
			package = B502A32529A3E2F700DCDCD9 /* XCRemoteSwiftPackageReference "firebase-ios-sdk" */;
			productName = "FirebaseAuthCombine-Community";
		};
		B502A33029A3E2F700DCDCD9 /* FirebaseDatabase */ = {
			isa = XCSwiftPackageProductDependency;
			package = B502A32529A3E2F700DCDCD9 /* XCRemoteSwiftPackageReference "firebase-ios-sdk" */;
			productName = FirebaseDatabase;
		};
		B502A33229A3E2F700DCDCD9 /* FirebaseDatabaseSwift */ = {
			isa = XCSwiftPackageProductDependency;
			package = B502A32529A3E2F700DCDCD9 /* XCRemoteSwiftPackageReference "firebase-ios-sdk" */;
			productName = FirebaseDatabaseSwift;
		};
		B502A33429A3E2F700DCDCD9 /* FirebaseFirestore */ = {
			isa = XCSwiftPackageProductDependency;
			package = B502A32529A3E2F700DCDCD9 /* XCRemoteSwiftPackageReference "firebase-ios-sdk" */;
			productName = FirebaseFirestore;
		};
		B502A33629A3E2F700DCDCD9 /* FirebaseFirestoreCombine-Community */ = {
			isa = XCSwiftPackageProductDependency;
			package = B502A32529A3E2F700DCDCD9 /* XCRemoteSwiftPackageReference "firebase-ios-sdk" */;
			productName = "FirebaseFirestoreCombine-Community";
		};
		B502A33829A3E2F700DCDCD9 /* FirebaseFirestoreSwift */ = {
			isa = XCSwiftPackageProductDependency;
			package = B502A32529A3E2F700DCDCD9 /* XCRemoteSwiftPackageReference "firebase-ios-sdk" */;
			productName = FirebaseFirestoreSwift;
		};
		B502A33A29A3E2F700DCDCD9 /* FirebaseFunctions */ = {
			isa = XCSwiftPackageProductDependency;
			package = B502A32529A3E2F700DCDCD9 /* XCRemoteSwiftPackageReference "firebase-ios-sdk" */;
			productName = FirebaseFunctions;
		};
		B502A33C29A3E2F700DCDCD9 /* FirebaseFunctionsCombine-Community */ = {
			isa = XCSwiftPackageProductDependency;
			package = B502A32529A3E2F700DCDCD9 /* XCRemoteSwiftPackageReference "firebase-ios-sdk" */;
			productName = "FirebaseFunctionsCombine-Community";
		};
		B502A33E29A3E2F700DCDCD9 /* FirebaseInAppMessaging-Beta */ = {
			isa = XCSwiftPackageProductDependency;
			package = B502A32529A3E2F700DCDCD9 /* XCRemoteSwiftPackageReference "firebase-ios-sdk" */;
			productName = "FirebaseInAppMessaging-Beta";
		};
		B502A34029A3E2F700DCDCD9 /* FirebasePerformance */ = {
			isa = XCSwiftPackageProductDependency;
			package = B502A32529A3E2F700DCDCD9 /* XCRemoteSwiftPackageReference "firebase-ios-sdk" */;
			productName = FirebasePerformance;
		};
		B502A34229A3E2F700DCDCD9 /* FirebaseStorage */ = {
			isa = XCSwiftPackageProductDependency;
			package = B502A32529A3E2F700DCDCD9 /* XCRemoteSwiftPackageReference "firebase-ios-sdk" */;
			productName = FirebaseStorage;
		};
		B502A34429A3E2F700DCDCD9 /* FirebaseStorageCombine-Community */ = {
			isa = XCSwiftPackageProductDependency;
			package = B502A32529A3E2F700DCDCD9 /* XCRemoteSwiftPackageReference "firebase-ios-sdk" */;
			productName = "FirebaseStorageCombine-Community";
		};
/* End XCSwiftPackageProductDependency section */
	};
	rootObject = 5F6FBD4E2992098E00F570B5 /* Project object */;
}
